
Microsoft Visual Studio Solution File, Format Version 12.00
# Visual Studio Version 17
VisualStudioVersion = 17.8.34330.188
MinimumVisualStudioVersion = 10.0.40219.1
Project("{FAE04EC0-301F-11D3-BF4B-00C04F79EFBC}") = "ConsoleApp1", "ConsoleApp1\ConsoleApp1.csproj", "{1F97D88B-0C8C-4C7E-8F1F-29F0011D1430}"
EndProject
Project("{FAE04EC0-301F-11D3-BF4B-00C04F79EFBC}") = "Atividades", "Atividades\Atividades.csproj", "{86302EAC-31EC-4458-804B-0559B2A69519}"
EndProject
Global
	GlobalSection(SolutionConfigurationPlatforms) = preSolution
		Debug|Any CPU = Debug|Any CPU
		Release|Any CPU = Release|Any CPU
	EndGlobalSection
	GlobalSection(ProjectConfigurationPlatforms) = postSolution
		{1F97D88B-0C8C-4C7E-8F1F-29F0011D1430}.Debug|Any CPU.ActiveCfg = Debug|Any CPU
		{1F97D88B-0C8C-4C7E-8F1F-29F0011D1430}.Debug|Any CPU.Build.0 = Debug|Any CPU
		{1F97D88B-0C8C-4C7E-8F1F-29F0011D1430}.Release|Any CPU.ActiveCfg = Release|Any CPU
		{1F97D88B-0C8C-4C7E-8F1F-29F0011D1430}.Release|Any CPU.Build.0 = Release|Any CPU
		{86302EAC-31EC-4458-804B-0559B2A69519}.Debug|Any CPU.ActiveCfg = Debug|Any CPU
		{86302EAC-31EC-4458-804B-0559B2A69519}.Debug|Any CPU.Build.0 = Debug|Any CPU
		{86302EAC-31EC-4458-804B-0559B2A69519}.Release|Any CPU.ActiveCfg = Release|Any CPU
		{86302EAC-31EC-4458-804B-0559B2A69519}.Release|Any CPU.Build.0 = Release|Any CPU
	EndGlobalSection
	GlobalSection(SolutionProperties) = preSolution
		HideSolutionNode = FALSE
	EndGlobalSection
	GlobalSection(ExtensibilityGlobals) = postSolution
		SolutionGuid = {89EA6979-7913-4D75-B243-50E205562C3A}
	EndGlobalSection
EndGlobal
